
Microsoft Visual Studio Solution File, Format Version 12.00
# Visual Studio Version 17
VisualStudioVersion = 17.9.34701.34
MinimumVisualStudioVersion = 10.0.40219.1
Project("{9A19103F-16F7-4668-BE54-9A1E7A4F7556}") = "notip-server", "notip-server\notip-server.csproj", "{6912234B-2F11-4C2B-92EB-ADA76A935636}"
EndProject
Project("{FAE04EC0-301F-11D3-BF4B-00C04F79EFBC}") = "ChatBotNotip", "ChatBotNotip\ChatBotNotip.csproj", "{4FEA6F4B-7DAF-4257-8E3F-86C92D933C2C}"
EndProject
Global
	GlobalSection(SolutionConfigurationPlatforms) = preSolution
		Debug|Any CPU = Debug|Any CPU
		Release|Any CPU = Release|Any CPU
	EndGlobalSection
	GlobalSection(ProjectConfigurationPlatforms) = postSolution
		{6912234B-2F11-4C2B-92EB-ADA76A935636}.Debug|Any CPU.ActiveCfg = Debug|Any CPU
		{6912234B-2F11-4C2B-92EB-ADA76A935636}.Debug|Any CPU.Build.0 = Debug|Any CPU
		{6912234B-2F11-4C2B-92EB-ADA76A935636}.Release|Any CPU.ActiveCfg = Release|Any CPU
		{6912234B-2F11-4C2B-92EB-ADA76A935636}.Release|Any CPU.Build.0 = Release|Any CPU
		{4FEA6F4B-7DAF-4257-8E3F-86C92D933C2C}.Debug|Any CPU.ActiveCfg = Debug|Any CPU
		{4FEA6F4B-7DAF-4257-8E3F-86C92D933C2C}.Debug|Any CPU.Build.0 = Debug|Any CPU
		{4FEA6F4B-7DAF-4257-8E3F-86C92D933C2C}.Release|Any CPU.ActiveCfg = Release|Any CPU
		{4FEA6F4B-7DAF-4257-8E3F-86C92D933C2C}.Release|Any CPU.Build.0 = Release|Any CPU
	EndGlobalSection
	GlobalSection(SolutionProperties) = preSolution
		HideSolutionNode = FALSE
	EndGlobalSection
	GlobalSection(ExtensibilityGlobals) = postSolution
		SolutionGuid = {D20A86A8-E3D8-4F51-BA88-8C122F6DA7F6}
	EndGlobalSection
EndGlobal
